
Microsoft Visual Studio Solution File, Format Version 12.00
# Visual Studio Version 17
VisualStudioVersion = 17.6.33815.320
MinimumVisualStudioVersion = 10.0.40219.1
Project("{FAE04EC0-301F-11D3-BF4B-00C04F79EFBC}") = "HMS - API", "HMS - API\HMS - API.csproj", "{1086275E-15E5-462A-92AA-FC7DFC905B6D}"
EndProject
Project("{FAE04EC0-301F-11D3-BF4B-00C04F79EFBC}") = "HMS-DATA", "HMS-DATA\HMS-DATA.csproj", "{72993553-EDD9-4B29-BE25-65024B011F4C}"
EndProject
Global
	GlobalSection(SolutionConfigurationPlatforms) = preSolution
		Debug|Any CPU = Debug|Any CPU
		Release|Any CPU = Release|Any CPU
	EndGlobalSection
	GlobalSection(ProjectConfigurationPlatforms) = postSolution
		{1086275E-15E5-462A-92AA-FC7DFC905B6D}.Debug|Any CPU.ActiveCfg = Debug|Any CPU
		{1086275E-15E5-462A-92AA-FC7DFC905B6D}.Debug|Any CPU.Build.0 = Debug|Any CPU
		{1086275E-15E5-462A-92AA-FC7DFC905B6D}.Release|Any CPU.ActiveCfg = Release|Any CPU
		{1086275E-15E5-462A-92AA-FC7DFC905B6D}.Release|Any CPU.Build.0 = Release|Any CPU
		{72993553-EDD9-4B29-BE25-65024B011F4C}.Debug|Any CPU.ActiveCfg = Debug|Any CPU
		{72993553-EDD9-4B29-BE25-65024B011F4C}.Debug|Any CPU.Build.0 = Debug|Any CPU
		{72993553-EDD9-4B29-BE25-65024B011F4C}.Release|Any CPU.ActiveCfg = Release|Any CPU
		{72993553-EDD9-4B29-BE25-65024B011F4C}.Release|Any CPU.Build.0 = Release|Any CPU
	EndGlobalSection
	GlobalSection(SolutionProperties) = preSolution
		HideSolutionNode = FALSE
	EndGlobalSection
	GlobalSection(ExtensibilityGlobals) = postSolution
		SolutionGuid = {C81D0CDE-AB6B-41C4-8A38-A309DFEDB6A5}
	EndGlobalSection
EndGlobal
